
Microsoft Visual Studio Solution File, Format Version 12.00
# Visual Studio 15
VisualStudioVersion = 15.0.28307.902
MinimumVisualStudioVersion = 10.0.40219.1
Project("{FAE04EC0-301F-11D3-BF4B-00C04F79EFBC}") = "Timesheet.UI", "Timesheet\Timesheet.UI.csproj", "{F66F5D9C-4939-472F-BC1E-9D9ECAD96AD9}"
EndProject
Project("{FAE04EC0-301F-11D3-BF4B-00C04F79EFBC}") = "Timesheet.DAL", "Timesheet.DAL\Timesheet.DAL.csproj", "{FDF7C8DB-D116-48E4-AA30-4C40C02C7BE2}"
EndProject
Global
	GlobalSection(SolutionConfigurationPlatforms) = preSolution
		Debug|Any CPU = Debug|Any CPU
		Release|Any CPU = Release|Any CPU
	EndGlobalSection
	GlobalSection(ProjectConfigurationPlatforms) = postSolution
		{F66F5D9C-4939-472F-BC1E-9D9ECAD96AD9}.Debug|Any CPU.ActiveCfg = Debug|Any CPU
		{F66F5D9C-4939-472F-BC1E-9D9ECAD96AD9}.Debug|Any CPU.Build.0 = Debug|Any CPU
		{F66F5D9C-4939-472F-BC1E-9D9ECAD96AD9}.Release|Any CPU.ActiveCfg = Release|Any CPU
		{F66F5D9C-4939-472F-BC1E-9D9ECAD96AD9}.Release|Any CPU.Build.0 = Release|Any CPU
		{FDF7C8DB-D116-48E4-AA30-4C40C02C7BE2}.Debug|Any CPU.ActiveCfg = Debug|Any CPU
		{FDF7C8DB-D116-48E4-AA30-4C40C02C7BE2}.Debug|Any CPU.Build.0 = Debug|Any CPU
		{FDF7C8DB-D116-48E4-AA30-4C40C02C7BE2}.Release|Any CPU.ActiveCfg = Release|Any CPU
		{FDF7C8DB-D116-48E4-AA30-4C40C02C7BE2}.Release|Any CPU.Build.0 = Release|Any CPU
	EndGlobalSection
	GlobalSection(SolutionProperties) = preSolution
		HideSolutionNode = FALSE
	EndGlobalSection
	GlobalSection(ExtensibilityGlobals) = postSolution
		SolutionGuid = {2CFFE754-527E-4090-A855-199DA6CBFEF0}
	EndGlobalSection
EndGlobal
